
Microsoft Visual Studio Solution File, Format Version 12.00
# Visual Studio Version 16
VisualStudioVersion = 16.0.31025.194
MinimumVisualStudioVersion = 10.0.40219.1
Project("{6EC3EE1D-3C4E-46DD-8F32-0CC8E7565705}") = "BigDecimal", "BigDecimal\BigDecimal.fsproj", "{33323212-90AE-4EEB-BDBB-EB3EDAE81C7D}"
EndProject
Project("{F2A71F9B-5D33-465A-A702-920D77279786}") = "BigDecimalTests", "BigDecimalTests\BigDecimalTests.fsproj", "{D5F2E47B-5E6D-4FE0-934F-252132C0429A}"
	ProjectSection(ProjectDependencies) = postProject
		{33323212-90AE-4EEB-BDBB-EB3EDAE81C7D} = {33323212-90AE-4EEB-BDBB-EB3EDAE81C7D}
	EndProjectSection
EndProject
Global
	GlobalSection(SolutionConfigurationPlatforms) = preSolution
		Debug|Any CPU = Debug|Any CPU
		Release|Any CPU = Release|Any CPU
	EndGlobalSection
	GlobalSection(ProjectConfigurationPlatforms) = postSolution
		{33323212-90AE-4EEB-BDBB-EB3EDAE81C7D}.Debug|Any CPU.ActiveCfg = Debug|Any CPU
		{33323212-90AE-4EEB-BDBB-EB3EDAE81C7D}.Debug|Any CPU.Build.0 = Debug|Any CPU
		{33323212-90AE-4EEB-BDBB-EB3EDAE81C7D}.Release|Any CPU.ActiveCfg = Release|Any CPU
		{33323212-90AE-4EEB-BDBB-EB3EDAE81C7D}.Release|Any CPU.Build.0 = Release|Any CPU
		{D5F2E47B-5E6D-4FE0-934F-252132C0429A}.Debug|Any CPU.ActiveCfg = Debug|Any CPU
		{D5F2E47B-5E6D-4FE0-934F-252132C0429A}.Debug|Any CPU.Build.0 = Debug|Any CPU
		{D5F2E47B-5E6D-4FE0-934F-252132C0429A}.Release|Any CPU.ActiveCfg = Release|Any CPU
		{D5F2E47B-5E6D-4FE0-934F-252132C0429A}.Release|Any CPU.Build.0 = Release|Any CPU
	EndGlobalSection
	GlobalSection(SolutionProperties) = preSolution
		HideSolutionNode = FALSE
	EndGlobalSection
	GlobalSection(ExtensibilityGlobals) = postSolution
		SolutionGuid = {35EA2690-C672-4DA1-A4C1-34BAC977CC37}
	EndGlobalSection
EndGlobal
